
Microsoft Visual Studio Solution File, Format Version 12.00
# Visual Studio 14
VisualStudioVersion = 14.0.22310.1
MinimumVisualStudioVersion = 10.0.40219.1
Project("{FAE04EC0-301F-11D3-BF4B-00C04F79EFBC}") = "GitHub.VisualStudio", "src\GitHub.VisualStudio\GitHub.VisualStudio.csproj", "{11569514-5AE5-4B5B-92A2-F10B0967DE5F}"
EndProject
Project("{2150E333-8FDC-42A3-9474-1A3956D46DE8}") = "Meta", "Meta", "{72036B62-2FA6-4A22-8B33-69F698A18CF1}"
	ProjectSection(SolutionItems) = preProject
		README.md = README.md
	EndProjectSection
EndProject
Project("{FAE04EC0-301F-11D3-BF4B-00C04F79EFBC}") = "UnitTests", "src\UnitTests\UnitTests.csproj", "{596595A6-2A3C-469E-9386-9E3767D863A5}"
EndProject
Project("{FAE04EC0-301F-11D3-BF4B-00C04F79EFBC}") = "GitHub.UI", "src\GitHub.UI\GitHub.UI.csproj", "{346384DD-2445-4A28-AF22-B45F3957BD89}"
EndProject
Project("{FAE04EC0-301F-11D3-BF4B-00C04F79EFBC}") = "GitHub.UI.Reactive", "src\GitHub.UI.Reactive\GitHub.UI.Reactive.csproj", "{158B05E8-FDBC-4D71-B871-C96E28D5ADF5}"
EndProject
Project("{FAE04EC0-301F-11D3-BF4B-00C04F79EFBC}") = "GitHub.Extensions", "src\GitHub.Extensions\GitHub.Extensions.csproj", "{6AFE2E2D-6DB0-4430-A2EA-F5F5388D2F78}"
EndProject
Project("{FAE04EC0-301F-11D3-BF4B-00C04F79EFBC}") = "GitHub.Extensions.Reactive", "src\GitHub.Extensions.Reactive\GitHub.Extensions.Reactive.csproj", "{6559E128-8B40-49A5-85A8-05565ED0C7E3}"
EndProject
Project("{FAE04EC0-301F-11D3-BF4B-00C04F79EFBC}") = "GitHub.App", "src\GitHub.App\GitHub.App.csproj", "{1A1DA411-8D1F-4578-80A6-04576BEA2DC5}"
EndProject
Project("{2150E333-8FDC-42A3-9474-1A3956D46DE8}") = "Submodules", "Submodules", "{1E7F7253-A6AF-43C4-A955-37BEDDA01AB8}"
EndProject
Project("{FAE04EC0-301F-11D3-BF4B-00C04F79EFBC}") = "Rothko", "submodules\Rothko\src\Rothko.csproj", "{4A84E568-CA86-4510-8CD0-90D3EF9B65F9}"
EndProject
Project("{2150E333-8FDC-42A3-9474-1A3956D46DE8}") = "Modules", "Modules", "{8E1F1B4E-AEA2-4AB1-8F73-423A903550A1}"
	ProjectSection(SolutionItems) = preProject
		script\Modules\BuildUtils.psm1 = script\Modules\BuildUtils.psm1
		script\Modules\Debugging.psm1 = script\Modules\Debugging.psm1
		script\Modules\Vsix.psm1 = script\Modules\Vsix.psm1
	EndProjectSection
EndProject
Project("{2150E333-8FDC-42A3-9474-1A3956D46DE8}") = "Build", "Build", "{7B6C5F8D-14B3-443D-B044-0E209AE12BDF}"
	ProjectSection(SolutionItems) = preProject
		.gitattributes = .gitattributes
		.gitignore = .gitignore
		script\Bootstrap.ps1 = script\Bootstrap.ps1
		build.cmd = build.cmd
		script\cibuild.ps1 = script\cibuild.ps1
		script\SolutionInfo.cs = script\SolutionInfo.cs
	EndProjectSection
EndProject
Project("{2150E333-8FDC-42A3-9474-1A3956D46DE8}") = "Tests", "Tests", "{8A7DA2E7-262B-4581-807A-1C45CE79CDFD}"
EndProject
Global
	GlobalSection(SolutionConfigurationPlatforms) = preSolution
		Debug|Any CPU = Debug|Any CPU
		Release|Any CPU = Release|Any CPU
	EndGlobalSection
	GlobalSection(ProjectConfigurationPlatforms) = postSolution
		{11569514-5AE5-4B5B-92A2-F10B0967DE5F}.Debug|Any CPU.ActiveCfg = Debug|Any CPU
		{11569514-5AE5-4B5B-92A2-F10B0967DE5F}.Debug|Any CPU.Build.0 = Debug|Any CPU
		{11569514-5AE5-4B5B-92A2-F10B0967DE5F}.Release|Any CPU.ActiveCfg = Release|Any CPU
		{11569514-5AE5-4B5B-92A2-F10B0967DE5F}.Release|Any CPU.Build.0 = Release|Any CPU
		{596595A6-2A3C-469E-9386-9E3767D863A5}.Debug|Any CPU.ActiveCfg = Debug|Any CPU
		{596595A6-2A3C-469E-9386-9E3767D863A5}.Debug|Any CPU.Build.0 = Debug|Any CPU
		{596595A6-2A3C-469E-9386-9E3767D863A5}.Release|Any CPU.ActiveCfg = Release|Any CPU
		{596595A6-2A3C-469E-9386-9E3767D863A5}.Release|Any CPU.Build.0 = Release|Any CPU
		{346384DD-2445-4A28-AF22-B45F3957BD89}.Debug|Any CPU.ActiveCfg = Debug|Any CPU
		{346384DD-2445-4A28-AF22-B45F3957BD89}.Debug|Any CPU.Build.0 = Debug|Any CPU
		{346384DD-2445-4A28-AF22-B45F3957BD89}.Release|Any CPU.ActiveCfg = Release|Any CPU
		{346384DD-2445-4A28-AF22-B45F3957BD89}.Release|Any CPU.Build.0 = Release|Any CPU
		{158B05E8-FDBC-4D71-B871-C96E28D5ADF5}.Debug|Any CPU.ActiveCfg = Debug|Any CPU
		{158B05E8-FDBC-4D71-B871-C96E28D5ADF5}.Debug|Any CPU.Build.0 = Debug|Any CPU
		{158B05E8-FDBC-4D71-B871-C96E28D5ADF5}.Release|Any CPU.ActiveCfg = Release|Any CPU
		{158B05E8-FDBC-4D71-B871-C96E28D5ADF5}.Release|Any CPU.Build.0 = Release|Any CPU
		{6AFE2E2D-6DB0-4430-A2EA-F5F5388D2F78}.Debug|Any CPU.ActiveCfg = Debug|Any CPU
		{6AFE2E2D-6DB0-4430-A2EA-F5F5388D2F78}.Debug|Any CPU.Build.0 = Debug|Any CPU
		{6AFE2E2D-6DB0-4430-A2EA-F5F5388D2F78}.Release|Any CPU.ActiveCfg = Release|Any CPU
		{6AFE2E2D-6DB0-4430-A2EA-F5F5388D2F78}.Release|Any CPU.Build.0 = Release|Any CPU
		{6559E128-8B40-49A5-85A8-05565ED0C7E3}.Debug|Any CPU.ActiveCfg = Debug|Any CPU
		{6559E128-8B40-49A5-85A8-05565ED0C7E3}.Debug|Any CPU.Build.0 = Debug|Any CPU
		{6559E128-8B40-49A5-85A8-05565ED0C7E3}.Release|Any CPU.ActiveCfg = Release|Any CPU
		{6559E128-8B40-49A5-85A8-05565ED0C7E3}.Release|Any CPU.Build.0 = Release|Any CPU
		{1A1DA411-8D1F-4578-80A6-04576BEA2DC5}.Debug|Any CPU.ActiveCfg = Debug|Any CPU
		{1A1DA411-8D1F-4578-80A6-04576BEA2DC5}.Debug|Any CPU.Build.0 = Debug|Any CPU
		{1A1DA411-8D1F-4578-80A6-04576BEA2DC5}.Release|Any CPU.ActiveCfg = Release|Any CPU
		{1A1DA411-8D1F-4578-80A6-04576BEA2DC5}.Release|Any CPU.Build.0 = Release|Any CPU
		{4A84E568-CA86-4510-8CD0-90D3EF9B65F9}.Debug|Any CPU.ActiveCfg = Debug|Any CPU
		{4A84E568-CA86-4510-8CD0-90D3EF9B65F9}.Debug|Any CPU.Build.0 = Debug|Any CPU
		{4A84E568-CA86-4510-8CD0-90D3EF9B65F9}.Release|Any CPU.ActiveCfg = Release|Any CPU
		{4A84E568-CA86-4510-8CD0-90D3EF9B65F9}.Release|Any CPU.Build.0 = Release|Any CPU
	EndGlobalSection
	GlobalSection(SolutionProperties) = preSolution
		HideSolutionNode = FALSE
	EndGlobalSection
	GlobalSection(NestedProjects) = preSolution
		{596595A6-2A3C-469E-9386-9E3767D863A5} = {8A7DA2E7-262B-4581-807A-1C45CE79CDFD}
		{4A84E568-CA86-4510-8CD0-90D3EF9B65F9} = {1E7F7253-A6AF-43C4-A955-37BEDDA01AB8}
	EndGlobalSection
EndGlobal
