
Microsoft Visual Studio Solution File, Format Version 12.00
# Visual Studio 15
VisualStudioVersion = 15.0.27703.2035
MinimumVisualStudioVersion = 10.0.40219.1
Project("{FAE04EC0-301F-11D3-BF4B-00C04F79EFBC}") = "GitHub.VisualStudio", "src\GitHub.VisualStudio\GitHub.VisualStudio.csproj", "{11569514-5AE5-4B5B-92A2-F10B0967DE5F}"
	ProjectSection(ProjectDependencies) = postProject
		{7F5ED78B-74A3-4406-A299-70CFB5885B8B} = {7F5ED78B-74A3-4406-A299-70CFB5885B8B}
	EndProjectSection
EndProject
Project("{2150E333-8FDC-42A3-9474-1A3956D46DE8}") = "Meta", "Meta", "{72036B62-2FA6-4A22-8B33-69F698A18CF1}"
	ProjectSection(SolutionItems) = preProject
		.editorconfig = .editorconfig
		README.md = README.md
	EndProjectSection
EndProject
Project("{9A19103F-16F7-4668-BE54-9A1E7A4F7556}") = "GitHub.UI", "src\GitHub.UI\GitHub.UI.csproj", "{346384DD-2445-4A28-AF22-B45F3957BD89}"
EndProject
Project("{9A19103F-16F7-4668-BE54-9A1E7A4F7556}") = "GitHub.UI.Reactive", "src\GitHub.UI.Reactive\GitHub.UI.Reactive.csproj", "{158B05E8-FDBC-4D71-B871-C96E28D5ADF5}"
EndProject
Project("{9A19103F-16F7-4668-BE54-9A1E7A4F7556}") = "GitHub.Extensions", "src\GitHub.Extensions\GitHub.Extensions.csproj", "{6AFE2E2D-6DB0-4430-A2EA-F5F5388D2F78}"
EndProject
Project("{9A19103F-16F7-4668-BE54-9A1E7A4F7556}") = "GitHub.Extensions.Reactive", "src\GitHub.Extensions.Reactive\GitHub.Extensions.Reactive.csproj", "{6559E128-8B40-49A5-85A8-05565ED0C7E3}"
EndProject
Project("{9A19103F-16F7-4668-BE54-9A1E7A4F7556}") = "GitHub.App", "src\GitHub.App\GitHub.App.csproj", "{1A1DA411-8D1F-4578-80A6-04576BEA2DC5}"
EndProject
Project("{2150E333-8FDC-42A3-9474-1A3956D46DE8}") = "Submodules", "Submodules", "{1E7F7253-A6AF-43C4-A955-37BEDDA01AB8}"
	ProjectSection(SolutionItems) = preProject
		test\UnitTests\Args.cs = test\UnitTests\Args.cs
	EndProjectSection
EndProject
Project("{2150E333-8FDC-42A3-9474-1A3956D46DE8}") = "Modules", "Modules", "{8E1F1B4E-AEA2-4AB1-8F73-423A903550A1}"
	ProjectSection(SolutionItems) = preProject
		scripts\Modules\BuildUtils.psm1 = scripts\Modules\BuildUtils.psm1
		scripts\Modules\Debugging.psm1 = scripts\Modules\Debugging.psm1
		scripts\Modules\Vsix.psm1 = scripts\Modules\Vsix.psm1
	EndProjectSection
EndProject
Project("{2150E333-8FDC-42A3-9474-1A3956D46DE8}") = "Scripts", "Scripts", "{7B6C5F8D-14B3-443D-B044-0E209AE12BDF}"
	ProjectSection(SolutionItems) = preProject
		.gitattributes = .gitattributes
		.gitignore = .gitignore
		appveyor.yml = appveyor.yml
		scripts\build.ps1 = scripts\build.ps1
		scripts\Bump-Version.ps1 = scripts\Bump-Version.ps1
		scripts\common.ps1 = scripts\common.ps1
		scripts\Get-CheckedOutBranch.ps1 = scripts\Get-CheckedOutBranch.ps1
		scripts\Get-HeadSha1.ps1 = scripts\Get-HeadSha1.ps1
		scripts\modules.ps1 = scripts\modules.ps1
		nuget.config = nuget.config
		scripts\Require-CleanWorkTree.ps1 = scripts\Require-CleanWorkTree.ps1
		scripts\Run-CodeCoverage.ps1 = scripts\Run-CodeCoverage.ps1
		scripts\Run-NUnit.ps1 = scripts\Run-NUnit.ps1
		scripts\Run-Tests.ps1 = scripts\Run-Tests.ps1
		scripts\Run-XUnit.ps1 = scripts\Run-XUnit.ps1
	EndProjectSection
EndProject
Project("{2150E333-8FDC-42A3-9474-1A3956D46DE8}") = "Tests", "Tests", "{8A7DA2E7-262B-4581-807A-1C45CE79CDFD}"
EndProject
Project("{9A19103F-16F7-4668-BE54-9A1E7A4F7556}") = "GitHub.Exports", "src\GitHub.Exports\GitHub.Exports.csproj", "{9AEA02DB-02B5-409C-B0CA-115D05331A6B}"
EndProject
Project("{9A19103F-16F7-4668-BE54-9A1E7A4F7556}") = "GitHub.Api", "src\GitHub.Api\GitHub.Api.csproj", "{B389ADAF-62CC-486E-85B4-2D8B078DF763}"
EndProject
Project("{9A19103F-16F7-4668-BE54-9A1E7A4F7556}") = "GitHub.Exports.Reactive", "src\GitHub.Exports.Reactive\GitHub.Exports.Reactive.csproj", "{E4ED0537-D1D9-44B6-9212-3096D7C3F7A1}"
EndProject
Project("{2150E333-8FDC-42A3-9474-1A3956D46DE8}") = "Octokit", "Octokit", "{1E7F7253-A6AF-43C4-A955-37BEDDA01AC0}"
EndProject
Project("{9A19103F-16F7-4668-BE54-9A1E7A4F7556}") = "Octokit", "submodules\octokit.net\Octokit\Octokit.csproj", "{08DD4305-7787-4823-A53F-4D0F725A07F3}"
EndProject
Project("{9A19103F-16F7-4668-BE54-9A1E7A4F7556}") = "Octokit.Reactive", "submodules\octokit.net\Octokit.Reactive\Octokit.Reactive.csproj", "{674B69B8-0780-4D54-AE2B-C15821FA51CB}"
EndProject
Project("{2150E333-8FDC-42A3-9474-1A3956D46DE8}") = "ReactiveUI", "ReactiveUI", "{1E7F7253-A6AF-43C4-A955-37BEDDA01AB9}"
EndProject
Project("{2150E333-8FDC-42A3-9474-1A3956D46DE8}") = "Akavache", "Akavache", "{1E7F7253-A6AF-43C4-A955-37BEDDA01AC9}"
EndProject
Project("{2150E333-8FDC-42A3-9474-1A3956D46DE8}") = "Splat", "Splat", "{1E7F7253-A6AF-43C4-A955-37BEDDA01AF9}"
EndProject
Project("{9A19103F-16F7-4668-BE54-9A1E7A4F7556}") = "CredentialManagement", "src\CredentialManagement\CredentialManagement.csproj", "{41A47C5B-C606-45B4-B83C-22B9239E4DA0}"
EndProject
Project("{FAE04EC0-301F-11D3-BF4B-00C04F79EFBC}") = "GitHub.TeamFoundation.14", "src\GitHub.TeamFoundation.14\GitHub.TeamFoundation.14.csproj", "{161DBF01-1DBF-4B00-8551-C5C00F26720D}"
EndProject
Project("{FAE04EC0-301F-11D3-BF4B-00C04F79EFBC}") = "GitHub.TeamFoundation.15", "src\GitHub.TeamFoundation.15\GitHub.TeamFoundation.15.csproj", "{161DBF01-1DBF-4B00-8551-C5C00F26720E}"
EndProject
Project("{9A19103F-16F7-4668-BE54-9A1E7A4F7556}") = "GitHub.VisualStudio.UI", "src\GitHub.VisualStudio.UI\GitHub.VisualStudio.UI.csproj", "{D1DFBB0C-B570-4302-8F1E-2E3A19C41961}"
EndProject
Project("{FAE04EC0-301F-11D3-BF4B-00C04F79EFBC}") = "GitHub.StartPage", "src\GitHub.StartPage\GitHub.StartPage.csproj", "{50E277B8-8580-487A-8F8E-5C3B9FBF0F77}"
EndProject
Project("{9A19103F-16F7-4668-BE54-9A1E7A4F7556}") = "GitHub.UI.UnitTests", "test\GitHub.UI.UnitTests\GitHub.UI.UnitTests.csproj", "{110B206F-8554-4B51-BF86-94DAA32F5E26}"
EndProject
Project("{FAE04EC0-301F-11D3-BF4B-00C04F79EFBC}") = "GitHub.InlineReviews", "src\GitHub.InlineReviews\GitHub.InlineReviews.csproj", "{7F5ED78B-74A3-4406-A299-70CFB5885B8B}"
EndProject
Project("{9A19103F-16F7-4668-BE54-9A1E7A4F7556}") = "GitHub.InlineReviews.UnitTests", "test\GitHub.InlineReviews.UnitTests\GitHub.InlineReviews.UnitTests.csproj", "{17EB676B-BB91-48B5-AA59-C67695C647C2}"
EndProject
Project("{9A19103F-16F7-4668-BE54-9A1E7A4F7556}") = "GitHub.Logging", "src\GitHub.Logging\GitHub.Logging.csproj", "{8D73575A-A89F-47CC-B153-B47DD06837F0}"
EndProject
Project("{9A19103F-16F7-4668-BE54-9A1E7A4F7556}") = "GitHub.Services.Vssdk", "src\GitHub.Services.Vssdk\GitHub.Services.Vssdk.csproj", "{2D3D2834-33BE-45CA-B3CC-12F853557D7B}"
EndProject
Project("{2150E333-8FDC-42A3-9474-1A3956D46DE8}") = "Metrics", "Metrics", "{C2D88962-BD6B-4F11-B914-535B38377962}"
EndProject
Project("{FAE04EC0-301F-11D3-BF4B-00C04F79EFBC}") = "MetricsServer", "test\MetricsTests\MetricsServer\MetricsServer.csproj", "{14FDEE91-7301-4247-846C-049647BF8E99}"
EndProject
Project("{FAE04EC0-301F-11D3-BF4B-00C04F79EFBC}") = "MetricsTests", "test\MetricsTests\MetricsTests\MetricsTests.csproj", "{09313E65-7ADB-48C1-AD3A-572020C5BDCB}"
EndProject
Project("{9A19103F-16F7-4668-BE54-9A1E7A4F7556}") = "GitHub.Api.UnitTests", "test\GitHub.Api.UnitTests\GitHub.Api.UnitTests.csproj", "{EFDE0798-ACDB-431D-B7F1-548A7231C853}"
EndProject
Project("{9A19103F-16F7-4668-BE54-9A1E7A4F7556}") = "GitHub.App.UnitTests", "test\GitHub.App.UnitTests\GitHub.App.UnitTests.csproj", "{3525D819-6AEC-4879-89FB-56B41F026571}"
EndProject
Project("{9A19103F-16F7-4668-BE54-9A1E7A4F7556}") = "GitHub.Exports.UnitTests", "test\GitHub.Exports.UnitTests\GitHub.Exports.UnitTests.csproj", "{94509FCB-6C97-4ED6-AED6-6E74AB3CA336}"
EndProject
Project("{9A19103F-16F7-4668-BE54-9A1E7A4F7556}") = "GitHub.Exports.Reactive.UnitTests", "test\GitHub.Exports.Reactive.UnitTests\GitHub.Exports.Reactive.UnitTests.csproj", "{C59868FC-D8BC-4D47-B4F3-16908D2641C6}"
EndProject
Project("{9A19103F-16F7-4668-BE54-9A1E7A4F7556}") = "GitHub.Extensions.UnitTests", "test\GitHub.Extensions.UnitTests\GitHub.Extensions.UnitTests.csproj", "{DE704BBB-6EC6-4173-B695-D9EBF5AEB092}"
EndProject
Project("{9A19103F-16F7-4668-BE54-9A1E7A4F7556}") = "GitHub.TeamFoundation.UnitTests", "test\GitHub.TeamFoundation.UnitTests\GitHub.TeamFoundation.UnitTests.csproj", "{93778A89-3E58-4853-B772-948EBB3F17BE}"
EndProject
Project("{9A19103F-16F7-4668-BE54-9A1E7A4F7556}") = "GitHub.VisualStudio.UnitTests", "test\GitHub.VisualStudio.UnitTests\GitHub.VisualStudio.UnitTests.csproj", "{8B14F90B-0781-465D-AB94-19C8C56E3A94}"
EndProject
Project("{9A19103F-16F7-4668-BE54-9A1E7A4F7556}") = "GitHub.Resources", "src\GitHub.Resources\GitHub.Resources.csproj", "{54E8D71A-AABB-4698-95FE-7F11612B8E59}"
EndProject
Project("{9A19103F-16F7-4668-BE54-9A1E7A4F7556}") = "Akavache.Core", "submodules\akavache\src\Akavache.Core\Akavache.Core.csproj", "{9E17369D-DA49-48C1-9767-C5178A17BFB8}"
EndProject
Project("{9A19103F-16F7-4668-BE54-9A1E7A4F7556}") = "Akavache.Sqlite3", "submodules\akavache\src\Akavache.Sqlite3\Akavache.Sqlite3.csproj", "{A003B735-6F6C-4DF8-A663-78651A1B6CE0}"
EndProject
Project("{9A19103F-16F7-4668-BE54-9A1E7A4F7556}") = "ReactiveUI", "submodules\reactiveui\src\ReactiveUI\ReactiveUI.csproj", "{A4F579F3-77D3-450A-AACC-F2653EF11E69}"
EndProject
Project("{9A19103F-16F7-4668-BE54-9A1E7A4F7556}") = "Splat", "submodules\splat\src\Splat\Splat.csproj", "{AD0306B7-F88E-44A4-AB36-1D04822E9234}"
EndProject
Project("{9A19103F-16F7-4668-BE54-9A1E7A4F7556}") = "ReactiveUI.Events.WPF", "submodules\reactiveui\src\ReactiveUI.Events.WPF\ReactiveUI.Events.WPF.csproj", "{86C54B27-717F-478C-AC8C-01F1C68A56C5}"
EndProject
Project("{9A19103F-16F7-4668-BE54-9A1E7A4F7556}") = "ReactiveUI.Testing", "submodules\reactiveui\src\ReactiveUI.Testing\ReactiveUI.Testing.csproj", "{C6E8D1E1-FAAC-4E02-B6A1-6164EC5E704E}"
EndProject
Project("{9A19103F-16F7-4668-BE54-9A1E7A4F7556}") = "ReactiveUI.Wpf", "submodules\reactiveui\src\ReactiveUI.Wpf\ReactiveUI.Wpf.csproj", "{E899B03C-6E8E-4375-AB65-FC925D721D8B}"
EndProject
Project("{9A19103F-16F7-4668-BE54-9A1E7A4F7556}") = "InstallAndStart", "test\Launcher\InstallAndStart.csproj", "{79F32BE1-2764-4DBA-97F6-21053DE44270}"
EndProject
Project("{FAE04EC0-301F-11D3-BF4B-00C04F79EFBC}") = "GitHub.TeamFoundation.16", "src\GitHub.TeamFoundation.16\GitHub.TeamFoundation.16.csproj", "{F08BD4BC-B5DF-4193-9B01-6D0BBE101BD7}"
EndProject
Project("{FAE04EC0-301F-11D3-BF4B-00C04F79EFBC}") = "GitHub.Services.Vssdk.UnitTests", "test\GitHub.Services.Vssdk.UnitTests\GitHub.Services.Vssdk.UnitTests.csproj", "{65542DEE-D3BE-4810-B85A-08E970413A21}"
EndProject
Global
	GlobalSection(SolutionConfigurationPlatforms) = preSolution
		Debug|Any CPU = Debug|Any CPU
		DebugWithoutVsix|Any CPU = DebugWithoutVsix|Any CPU
		Release|Any CPU = Release|Any CPU
		ReleaseWithoutVsix|Any CPU = ReleaseWithoutVsix|Any CPU
	EndGlobalSection
	GlobalSection(ProjectConfigurationPlatforms) = postSolution
		{11569514-5AE5-4B5B-92A2-F10B0967DE5F}.Debug|Any CPU.ActiveCfg = Debug|Any CPU
		{11569514-5AE5-4B5B-92A2-F10B0967DE5F}.Debug|Any CPU.Build.0 = Debug|Any CPU
		{11569514-5AE5-4B5B-92A2-F10B0967DE5F}.DebugWithoutVsix|Any CPU.ActiveCfg = DebugWithoutVsix|Any CPU
		{11569514-5AE5-4B5B-92A2-F10B0967DE5F}.DebugWithoutVsix|Any CPU.Build.0 = DebugWithoutVsix|Any CPU
		{11569514-5AE5-4B5B-92A2-F10B0967DE5F}.Release|Any CPU.ActiveCfg = Release|Any CPU
		{11569514-5AE5-4B5B-92A2-F10B0967DE5F}.Release|Any CPU.Build.0 = Release|Any CPU
		{11569514-5AE5-4B5B-92A2-F10B0967DE5F}.ReleaseWithoutVsix|Any CPU.ActiveCfg = ReleaseWithoutVsix|Any CPU
		{11569514-5AE5-4B5B-92A2-F10B0967DE5F}.ReleaseWithoutVsix|Any CPU.Build.0 = ReleaseWithoutVsix|Any CPU
		{346384DD-2445-4A28-AF22-B45F3957BD89}.Debug|Any CPU.ActiveCfg = Debug|Any CPU
		{346384DD-2445-4A28-AF22-B45F3957BD89}.Debug|Any CPU.Build.0 = Debug|Any CPU
		{346384DD-2445-4A28-AF22-B45F3957BD89}.DebugWithoutVsix|Any CPU.ActiveCfg = Debug|Any CPU
		{346384DD-2445-4A28-AF22-B45F3957BD89}.DebugWithoutVsix|Any CPU.Build.0 = Debug|Any CPU
		{346384DD-2445-4A28-AF22-B45F3957BD89}.Release|Any CPU.ActiveCfg = Release|Any CPU
		{346384DD-2445-4A28-AF22-B45F3957BD89}.Release|Any CPU.Build.0 = Release|Any CPU
		{346384DD-2445-4A28-AF22-B45F3957BD89}.ReleaseWithoutVsix|Any CPU.ActiveCfg = Release|Any CPU
		{346384DD-2445-4A28-AF22-B45F3957BD89}.ReleaseWithoutVsix|Any CPU.Build.0 = Release|Any CPU
		{158B05E8-FDBC-4D71-B871-C96E28D5ADF5}.Debug|Any CPU.ActiveCfg = Debug|Any CPU
		{158B05E8-FDBC-4D71-B871-C96E28D5ADF5}.Debug|Any CPU.Build.0 = Debug|Any CPU
		{158B05E8-FDBC-4D71-B871-C96E28D5ADF5}.DebugWithoutVsix|Any CPU.ActiveCfg = Debug|Any CPU
		{158B05E8-FDBC-4D71-B871-C96E28D5ADF5}.DebugWithoutVsix|Any CPU.Build.0 = Debug|Any CPU
		{158B05E8-FDBC-4D71-B871-C96E28D5ADF5}.Release|Any CPU.ActiveCfg = Release|Any CPU
		{158B05E8-FDBC-4D71-B871-C96E28D5ADF5}.Release|Any CPU.Build.0 = Release|Any CPU
		{158B05E8-FDBC-4D71-B871-C96E28D5ADF5}.ReleaseWithoutVsix|Any CPU.ActiveCfg = Release|Any CPU
		{158B05E8-FDBC-4D71-B871-C96E28D5ADF5}.ReleaseWithoutVsix|Any CPU.Build.0 = Release|Any CPU
		{6AFE2E2D-6DB0-4430-A2EA-F5F5388D2F78}.Debug|Any CPU.ActiveCfg = Debug|Any CPU
		{6AFE2E2D-6DB0-4430-A2EA-F5F5388D2F78}.Debug|Any CPU.Build.0 = Debug|Any CPU
		{6AFE2E2D-6DB0-4430-A2EA-F5F5388D2F78}.DebugWithoutVsix|Any CPU.ActiveCfg = Debug|Any CPU
		{6AFE2E2D-6DB0-4430-A2EA-F5F5388D2F78}.DebugWithoutVsix|Any CPU.Build.0 = Debug|Any CPU
		{6AFE2E2D-6DB0-4430-A2EA-F5F5388D2F78}.Release|Any CPU.ActiveCfg = Release|Any CPU
		{6AFE2E2D-6DB0-4430-A2EA-F5F5388D2F78}.Release|Any CPU.Build.0 = Release|Any CPU
		{6AFE2E2D-6DB0-4430-A2EA-F5F5388D2F78}.ReleaseWithoutVsix|Any CPU.ActiveCfg = Release|Any CPU
		{6AFE2E2D-6DB0-4430-A2EA-F5F5388D2F78}.ReleaseWithoutVsix|Any CPU.Build.0 = Release|Any CPU
		{6559E128-8B40-49A5-85A8-05565ED0C7E3}.Debug|Any CPU.ActiveCfg = Debug|Any CPU
		{6559E128-8B40-49A5-85A8-05565ED0C7E3}.Debug|Any CPU.Build.0 = Debug|Any CPU
		{6559E128-8B40-49A5-85A8-05565ED0C7E3}.DebugWithoutVsix|Any CPU.ActiveCfg = Debug|Any CPU
		{6559E128-8B40-49A5-85A8-05565ED0C7E3}.DebugWithoutVsix|Any CPU.Build.0 = Debug|Any CPU
		{6559E128-8B40-49A5-85A8-05565ED0C7E3}.Release|Any CPU.ActiveCfg = Release|Any CPU
		{6559E128-8B40-49A5-85A8-05565ED0C7E3}.Release|Any CPU.Build.0 = Release|Any CPU
		{6559E128-8B40-49A5-85A8-05565ED0C7E3}.ReleaseWithoutVsix|Any CPU.ActiveCfg = Release|Any CPU
		{6559E128-8B40-49A5-85A8-05565ED0C7E3}.ReleaseWithoutVsix|Any CPU.Build.0 = Release|Any CPU
		{1A1DA411-8D1F-4578-80A6-04576BEA2DC5}.Debug|Any CPU.ActiveCfg = Debug|Any CPU
		{1A1DA411-8D1F-4578-80A6-04576BEA2DC5}.Debug|Any CPU.Build.0 = Debug|Any CPU
		{1A1DA411-8D1F-4578-80A6-04576BEA2DC5}.DebugWithoutVsix|Any CPU.ActiveCfg = Debug|Any CPU
		{1A1DA411-8D1F-4578-80A6-04576BEA2DC5}.DebugWithoutVsix|Any CPU.Build.0 = Debug|Any CPU
		{1A1DA411-8D1F-4578-80A6-04576BEA2DC5}.Release|Any CPU.ActiveCfg = Release|Any CPU
		{1A1DA411-8D1F-4578-80A6-04576BEA2DC5}.Release|Any CPU.Build.0 = Release|Any CPU
		{1A1DA411-8D1F-4578-80A6-04576BEA2DC5}.ReleaseWithoutVsix|Any CPU.ActiveCfg = Release|Any CPU
		{1A1DA411-8D1F-4578-80A6-04576BEA2DC5}.ReleaseWithoutVsix|Any CPU.Build.0 = Release|Any CPU
		{9AEA02DB-02B5-409C-B0CA-115D05331A6B}.Debug|Any CPU.ActiveCfg = Debug|Any CPU
		{9AEA02DB-02B5-409C-B0CA-115D05331A6B}.Debug|Any CPU.Build.0 = Debug|Any CPU
		{9AEA02DB-02B5-409C-B0CA-115D05331A6B}.DebugWithoutVsix|Any CPU.ActiveCfg = Debug|Any CPU
		{9AEA02DB-02B5-409C-B0CA-115D05331A6B}.DebugWithoutVsix|Any CPU.Build.0 = Debug|Any CPU
		{9AEA02DB-02B5-409C-B0CA-115D05331A6B}.Release|Any CPU.ActiveCfg = Release|Any CPU
		{9AEA02DB-02B5-409C-B0CA-115D05331A6B}.Release|Any CPU.Build.0 = Release|Any CPU
		{9AEA02DB-02B5-409C-B0CA-115D05331A6B}.ReleaseWithoutVsix|Any CPU.ActiveCfg = Release|Any CPU
		{9AEA02DB-02B5-409C-B0CA-115D05331A6B}.ReleaseWithoutVsix|Any CPU.Build.0 = Release|Any CPU
		{B389ADAF-62CC-486E-85B4-2D8B078DF763}.Debug|Any CPU.ActiveCfg = Debug|Any CPU
		{B389ADAF-62CC-486E-85B4-2D8B078DF763}.Debug|Any CPU.Build.0 = Debug|Any CPU
		{B389ADAF-62CC-486E-85B4-2D8B078DF763}.DebugWithoutVsix|Any CPU.ActiveCfg = Debug|Any CPU
		{B389ADAF-62CC-486E-85B4-2D8B078DF763}.DebugWithoutVsix|Any CPU.Build.0 = Debug|Any CPU
		{B389ADAF-62CC-486E-85B4-2D8B078DF763}.Release|Any CPU.ActiveCfg = Release|Any CPU
		{B389ADAF-62CC-486E-85B4-2D8B078DF763}.Release|Any CPU.Build.0 = Release|Any CPU
		{B389ADAF-62CC-486E-85B4-2D8B078DF763}.ReleaseWithoutVsix|Any CPU.ActiveCfg = Release|Any CPU
		{B389ADAF-62CC-486E-85B4-2D8B078DF763}.ReleaseWithoutVsix|Any CPU.Build.0 = Release|Any CPU
		{E4ED0537-D1D9-44B6-9212-3096D7C3F7A1}.Debug|Any CPU.ActiveCfg = Debug|Any CPU
		{E4ED0537-D1D9-44B6-9212-3096D7C3F7A1}.Debug|Any CPU.Build.0 = Debug|Any CPU
		{E4ED0537-D1D9-44B6-9212-3096D7C3F7A1}.DebugWithoutVsix|Any CPU.ActiveCfg = Debug|Any CPU
		{E4ED0537-D1D9-44B6-9212-3096D7C3F7A1}.DebugWithoutVsix|Any CPU.Build.0 = Debug|Any CPU
		{E4ED0537-D1D9-44B6-9212-3096D7C3F7A1}.Release|Any CPU.ActiveCfg = Release|Any CPU
		{E4ED0537-D1D9-44B6-9212-3096D7C3F7A1}.Release|Any CPU.Build.0 = Release|Any CPU
		{E4ED0537-D1D9-44B6-9212-3096D7C3F7A1}.ReleaseWithoutVsix|Any CPU.ActiveCfg = Release|Any CPU
		{E4ED0537-D1D9-44B6-9212-3096D7C3F7A1}.ReleaseWithoutVsix|Any CPU.Build.0 = Release|Any CPU
		{08DD4305-7787-4823-A53F-4D0F725A07F3}.Debug|Any CPU.ActiveCfg = Debug|Any CPU
		{08DD4305-7787-4823-A53F-4D0F725A07F3}.Debug|Any CPU.Build.0 = Debug|Any CPU
		{08DD4305-7787-4823-A53F-4D0F725A07F3}.DebugWithoutVsix|Any CPU.ActiveCfg = Release|Any CPU
		{08DD4305-7787-4823-A53F-4D0F725A07F3}.DebugWithoutVsix|Any CPU.Build.0 = Release|Any CPU
		{08DD4305-7787-4823-A53F-4D0F725A07F3}.Release|Any CPU.ActiveCfg = Release|Any CPU
		{08DD4305-7787-4823-A53F-4D0F725A07F3}.Release|Any CPU.Build.0 = Release|Any CPU
		{08DD4305-7787-4823-A53F-4D0F725A07F3}.ReleaseWithoutVsix|Any CPU.ActiveCfg = Release|Any CPU
		{08DD4305-7787-4823-A53F-4D0F725A07F3}.ReleaseWithoutVsix|Any CPU.Build.0 = Release|Any CPU
		{674B69B8-0780-4D54-AE2B-C15821FA51CB}.Debug|Any CPU.ActiveCfg = Release|Any CPU
		{674B69B8-0780-4D54-AE2B-C15821FA51CB}.Debug|Any CPU.Build.0 = Release|Any CPU
		{674B69B8-0780-4D54-AE2B-C15821FA51CB}.DebugWithoutVsix|Any CPU.ActiveCfg = Release|Any CPU
		{674B69B8-0780-4D54-AE2B-C15821FA51CB}.DebugWithoutVsix|Any CPU.Build.0 = Release|Any CPU
		{674B69B8-0780-4D54-AE2B-C15821FA51CB}.Release|Any CPU.ActiveCfg = Release|Any CPU
		{674B69B8-0780-4D54-AE2B-C15821FA51CB}.Release|Any CPU.Build.0 = Release|Any CPU
		{674B69B8-0780-4D54-AE2B-C15821FA51CB}.ReleaseWithoutVsix|Any CPU.ActiveCfg = Release|Any CPU
		{674B69B8-0780-4D54-AE2B-C15821FA51CB}.ReleaseWithoutVsix|Any CPU.Build.0 = Release|Any CPU
		{41A47C5B-C606-45B4-B83C-22B9239E4DA0}.Debug|Any CPU.ActiveCfg = Debug|Any CPU
		{41A47C5B-C606-45B4-B83C-22B9239E4DA0}.Debug|Any CPU.Build.0 = Debug|Any CPU
		{41A47C5B-C606-45B4-B83C-22B9239E4DA0}.DebugWithoutVsix|Any CPU.ActiveCfg = Debug|Any CPU
		{41A47C5B-C606-45B4-B83C-22B9239E4DA0}.DebugWithoutVsix|Any CPU.Build.0 = Debug|Any CPU
		{41A47C5B-C606-45B4-B83C-22B9239E4DA0}.Release|Any CPU.ActiveCfg = Release|Any CPU
		{41A47C5B-C606-45B4-B83C-22B9239E4DA0}.Release|Any CPU.Build.0 = Release|Any CPU
		{41A47C5B-C606-45B4-B83C-22B9239E4DA0}.ReleaseWithoutVsix|Any CPU.ActiveCfg = Release|Any CPU
		{41A47C5B-C606-45B4-B83C-22B9239E4DA0}.ReleaseWithoutVsix|Any CPU.Build.0 = Release|Any CPU
		{7B835A7D-CF94-45E8-B191-96F5A4FE26A8}.Debug|Any CPU.ActiveCfg = Debug|Any CPU
		{7B835A7D-CF94-45E8-B191-96F5A4FE26A8}.Debug|Any CPU.Build.0 = Debug|Any CPU
		{7B835A7D-CF94-45E8-B191-96F5A4FE26A8}.DebugWithoutVsix|Any CPU.ActiveCfg = Debug|Any CPU
		{7B835A7D-CF94-45E8-B191-96F5A4FE26A8}.DebugWithoutVsix|Any CPU.Build.0 = Debug|Any CPU
		{7B835A7D-CF94-45E8-B191-96F5A4FE26A8}.Release|Any CPU.ActiveCfg = Release|Any CPU
		{7B835A7D-CF94-45E8-B191-96F5A4FE26A8}.Release|Any CPU.Build.0 = Release|Any CPU
		{7B835A7D-CF94-45E8-B191-96F5A4FE26A8}.ReleaseWithoutVsix|Any CPU.ActiveCfg = Release|Any CPU
		{7B835A7D-CF94-45E8-B191-96F5A4FE26A8}.ReleaseWithoutVsix|Any CPU.Build.0 = Release|Any CPU
		{161DBF01-1DBF-4B00-8551-C5C00F26720D}.Debug|Any CPU.ActiveCfg = Debug|Any CPU
		{161DBF01-1DBF-4B00-8551-C5C00F26720D}.Debug|Any CPU.Build.0 = Debug|Any CPU
		{161DBF01-1DBF-4B00-8551-C5C00F26720D}.DebugWithoutVsix|Any CPU.ActiveCfg = Debug|Any CPU
		{161DBF01-1DBF-4B00-8551-C5C00F26720D}.DebugWithoutVsix|Any CPU.Build.0 = Debug|Any CPU
		{161DBF01-1DBF-4B00-8551-C5C00F26720D}.Release|Any CPU.ActiveCfg = Release|Any CPU
		{161DBF01-1DBF-4B00-8551-C5C00F26720D}.Release|Any CPU.Build.0 = Release|Any CPU
		{161DBF01-1DBF-4B00-8551-C5C00F26720D}.ReleaseWithoutVsix|Any CPU.ActiveCfg = Release|Any CPU
		{161DBF01-1DBF-4B00-8551-C5C00F26720D}.ReleaseWithoutVsix|Any CPU.Build.0 = Release|Any CPU
		{161DBF01-1DBF-4B00-8551-C5C00F26720E}.Debug|Any CPU.ActiveCfg = Debug|Any CPU
		{161DBF01-1DBF-4B00-8551-C5C00F26720E}.Debug|Any CPU.Build.0 = Debug|Any CPU
		{161DBF01-1DBF-4B00-8551-C5C00F26720E}.DebugWithoutVsix|Any CPU.ActiveCfg = Debug|Any CPU
		{161DBF01-1DBF-4B00-8551-C5C00F26720E}.DebugWithoutVsix|Any CPU.Build.0 = Debug|Any CPU
		{161DBF01-1DBF-4B00-8551-C5C00F26720E}.Release|Any CPU.ActiveCfg = Release|Any CPU
		{161DBF01-1DBF-4B00-8551-C5C00F26720E}.Release|Any CPU.Build.0 = Release|Any CPU
		{161DBF01-1DBF-4B00-8551-C5C00F26720E}.ReleaseWithoutVsix|Any CPU.ActiveCfg = Release|Any CPU
		{161DBF01-1DBF-4B00-8551-C5C00F26720E}.ReleaseWithoutVsix|Any CPU.Build.0 = Release|Any CPU
		{D1DFBB0C-B570-4302-8F1E-2E3A19C41961}.Debug|Any CPU.ActiveCfg = Debug|Any CPU
		{D1DFBB0C-B570-4302-8F1E-2E3A19C41961}.Debug|Any CPU.Build.0 = Debug|Any CPU
		{D1DFBB0C-B570-4302-8F1E-2E3A19C41961}.DebugWithoutVsix|Any CPU.ActiveCfg = Debug|Any CPU
		{D1DFBB0C-B570-4302-8F1E-2E3A19C41961}.DebugWithoutVsix|Any CPU.Build.0 = Debug|Any CPU
		{D1DFBB0C-B570-4302-8F1E-2E3A19C41961}.Release|Any CPU.ActiveCfg = Release|Any CPU
		{D1DFBB0C-B570-4302-8F1E-2E3A19C41961}.Release|Any CPU.Build.0 = Release|Any CPU
		{D1DFBB0C-B570-4302-8F1E-2E3A19C41961}.ReleaseWithoutVsix|Any CPU.ActiveCfg = Release|Any CPU
		{D1DFBB0C-B570-4302-8F1E-2E3A19C41961}.ReleaseWithoutVsix|Any CPU.Build.0 = Release|Any CPU
		{50E277B8-8580-487A-8F8E-5C3B9FBF0F77}.Debug|Any CPU.ActiveCfg = Debug|Any CPU
		{50E277B8-8580-487A-8F8E-5C3B9FBF0F77}.Debug|Any CPU.Build.0 = Debug|Any CPU
		{50E277B8-8580-487A-8F8E-5C3B9FBF0F77}.DebugWithoutVsix|Any CPU.ActiveCfg = Debug|Any CPU
		{50E277B8-8580-487A-8F8E-5C3B9FBF0F77}.DebugWithoutVsix|Any CPU.Build.0 = Debug|Any CPU
		{50E277B8-8580-487A-8F8E-5C3B9FBF0F77}.Release|Any CPU.ActiveCfg = Release|Any CPU
		{50E277B8-8580-487A-8F8E-5C3B9FBF0F77}.Release|Any CPU.Build.0 = Release|Any CPU
		{50E277B8-8580-487A-8F8E-5C3B9FBF0F77}.ReleaseWithoutVsix|Any CPU.ActiveCfg = Release|Any CPU
		{50E277B8-8580-487A-8F8E-5C3B9FBF0F77}.ReleaseWithoutVsix|Any CPU.Build.0 = Release|Any CPU
		{110B206F-8554-4B51-BF86-94DAA32F5E26}.Debug|Any CPU.ActiveCfg = Debug|Any CPU
		{110B206F-8554-4B51-BF86-94DAA32F5E26}.Debug|Any CPU.Build.0 = Debug|Any CPU
		{110B206F-8554-4B51-BF86-94DAA32F5E26}.DebugWithoutVsix|Any CPU.ActiveCfg = Debug|Any CPU
		{110B206F-8554-4B51-BF86-94DAA32F5E26}.DebugWithoutVsix|Any CPU.Build.0 = Debug|Any CPU
		{110B206F-8554-4B51-BF86-94DAA32F5E26}.Release|Any CPU.ActiveCfg = Release|Any CPU
		{110B206F-8554-4B51-BF86-94DAA32F5E26}.Release|Any CPU.Build.0 = Release|Any CPU
		{110B206F-8554-4B51-BF86-94DAA32F5E26}.ReleaseWithoutVsix|Any CPU.ActiveCfg = Release|Any CPU
		{110B206F-8554-4B51-BF86-94DAA32F5E26}.ReleaseWithoutVsix|Any CPU.Build.0 = Release|Any CPU
		{7F5ED78B-74A3-4406-A299-70CFB5885B8B}.Debug|Any CPU.ActiveCfg = Debug|Any CPU
		{7F5ED78B-74A3-4406-A299-70CFB5885B8B}.Debug|Any CPU.Build.0 = Debug|Any CPU
		{7F5ED78B-74A3-4406-A299-70CFB5885B8B}.DebugWithoutVsix|Any CPU.ActiveCfg = Debug|Any CPU
		{7F5ED78B-74A3-4406-A299-70CFB5885B8B}.DebugWithoutVsix|Any CPU.Build.0 = Debug|Any CPU
		{7F5ED78B-74A3-4406-A299-70CFB5885B8B}.Release|Any CPU.ActiveCfg = Release|Any CPU
		{7F5ED78B-74A3-4406-A299-70CFB5885B8B}.Release|Any CPU.Build.0 = Release|Any CPU
		{7F5ED78B-74A3-4406-A299-70CFB5885B8B}.ReleaseWithoutVsix|Any CPU.ActiveCfg = Release|Any CPU
		{7F5ED78B-74A3-4406-A299-70CFB5885B8B}.ReleaseWithoutVsix|Any CPU.Build.0 = Release|Any CPU
		{17EB676B-BB91-48B5-AA59-C67695C647C2}.Debug|Any CPU.ActiveCfg = Debug|Any CPU
		{17EB676B-BB91-48B5-AA59-C67695C647C2}.Debug|Any CPU.Build.0 = Debug|Any CPU
		{17EB676B-BB91-48B5-AA59-C67695C647C2}.DebugWithoutVsix|Any CPU.ActiveCfg = Debug|Any CPU
		{17EB676B-BB91-48B5-AA59-C67695C647C2}.DebugWithoutVsix|Any CPU.Build.0 = Debug|Any CPU
		{17EB676B-BB91-48B5-AA59-C67695C647C2}.Release|Any CPU.ActiveCfg = Release|Any CPU
		{17EB676B-BB91-48B5-AA59-C67695C647C2}.Release|Any CPU.Build.0 = Release|Any CPU
		{17EB676B-BB91-48B5-AA59-C67695C647C2}.ReleaseWithoutVsix|Any CPU.ActiveCfg = Release|Any CPU
		{17EB676B-BB91-48B5-AA59-C67695C647C2}.ReleaseWithoutVsix|Any CPU.Build.0 = Release|Any CPU
		{8D73575A-A89F-47CC-B153-B47DD06837F0}.Debug|Any CPU.ActiveCfg = Debug|Any CPU
		{8D73575A-A89F-47CC-B153-B47DD06837F0}.Debug|Any CPU.Build.0 = Debug|Any CPU
		{8D73575A-A89F-47CC-B153-B47DD06837F0}.DebugWithoutVsix|Any CPU.ActiveCfg = Debug|Any CPU
		{8D73575A-A89F-47CC-B153-B47DD06837F0}.DebugWithoutVsix|Any CPU.Build.0 = Debug|Any CPU
		{8D73575A-A89F-47CC-B153-B47DD06837F0}.Release|Any CPU.ActiveCfg = Release|Any CPU
		{8D73575A-A89F-47CC-B153-B47DD06837F0}.Release|Any CPU.Build.0 = Release|Any CPU
		{8D73575A-A89F-47CC-B153-B47DD06837F0}.ReleaseWithoutVsix|Any CPU.ActiveCfg = Release|Any CPU
		{8D73575A-A89F-47CC-B153-B47DD06837F0}.ReleaseWithoutVsix|Any CPU.Build.0 = Release|Any CPU
		{2D3D2834-33BE-45CA-B3CC-12F853557D7B}.Debug|Any CPU.ActiveCfg = Debug|Any CPU
		{2D3D2834-33BE-45CA-B3CC-12F853557D7B}.Debug|Any CPU.Build.0 = Debug|Any CPU
		{2D3D2834-33BE-45CA-B3CC-12F853557D7B}.DebugWithoutVsix|Any CPU.ActiveCfg = Debug|Any CPU
		{2D3D2834-33BE-45CA-B3CC-12F853557D7B}.DebugWithoutVsix|Any CPU.Build.0 = Debug|Any CPU
		{2D3D2834-33BE-45CA-B3CC-12F853557D7B}.Release|Any CPU.ActiveCfg = Release|Any CPU
		{2D3D2834-33BE-45CA-B3CC-12F853557D7B}.Release|Any CPU.Build.0 = Release|Any CPU
		{2D3D2834-33BE-45CA-B3CC-12F853557D7B}.ReleaseWithoutVsix|Any CPU.ActiveCfg = Release|Any CPU
		{2D3D2834-33BE-45CA-B3CC-12F853557D7B}.ReleaseWithoutVsix|Any CPU.Build.0 = Release|Any CPU
		{14FDEE91-7301-4247-846C-049647BF8E99}.Debug|Any CPU.ActiveCfg = Debug|Any CPU
		{14FDEE91-7301-4247-846C-049647BF8E99}.Debug|Any CPU.Build.0 = Debug|Any CPU
		{14FDEE91-7301-4247-846C-049647BF8E99}.DebugWithoutVsix|Any CPU.ActiveCfg = Debug|Any CPU
		{14FDEE91-7301-4247-846C-049647BF8E99}.DebugWithoutVsix|Any CPU.Build.0 = Debug|Any CPU
		{14FDEE91-7301-4247-846C-049647BF8E99}.Release|Any CPU.ActiveCfg = Release|Any CPU
		{14FDEE91-7301-4247-846C-049647BF8E99}.Release|Any CPU.Build.0 = Release|Any CPU
		{14FDEE91-7301-4247-846C-049647BF8E99}.ReleaseWithoutVsix|Any CPU.ActiveCfg = Release|Any CPU
		{14FDEE91-7301-4247-846C-049647BF8E99}.ReleaseWithoutVsix|Any CPU.Build.0 = Release|Any CPU
		{09313E65-7ADB-48C1-AD3A-572020C5BDCB}.Debug|Any CPU.ActiveCfg = Debug|Any CPU
		{09313E65-7ADB-48C1-AD3A-572020C5BDCB}.Debug|Any CPU.Build.0 = Debug|Any CPU
		{09313E65-7ADB-48C1-AD3A-572020C5BDCB}.DebugWithoutVsix|Any CPU.ActiveCfg = Debug|Any CPU
		{09313E65-7ADB-48C1-AD3A-572020C5BDCB}.DebugWithoutVsix|Any CPU.Build.0 = Debug|Any CPU
		{09313E65-7ADB-48C1-AD3A-572020C5BDCB}.Release|Any CPU.ActiveCfg = Release|Any CPU
		{09313E65-7ADB-48C1-AD3A-572020C5BDCB}.Release|Any CPU.Build.0 = Release|Any CPU
		{09313E65-7ADB-48C1-AD3A-572020C5BDCB}.ReleaseWithoutVsix|Any CPU.ActiveCfg = Release|Any CPU
		{09313E65-7ADB-48C1-AD3A-572020C5BDCB}.ReleaseWithoutVsix|Any CPU.Build.0 = Release|Any CPU
		{EFDE0798-ACDB-431D-B7F1-548A7231C853}.Debug|Any CPU.ActiveCfg = Debug|Any CPU
		{EFDE0798-ACDB-431D-B7F1-548A7231C853}.Debug|Any CPU.Build.0 = Debug|Any CPU
		{EFDE0798-ACDB-431D-B7F1-548A7231C853}.DebugWithoutVsix|Any CPU.ActiveCfg = Debug|Any CPU
		{EFDE0798-ACDB-431D-B7F1-548A7231C853}.DebugWithoutVsix|Any CPU.Build.0 = Debug|Any CPU
		{EFDE0798-ACDB-431D-B7F1-548A7231C853}.Release|Any CPU.ActiveCfg = Release|Any CPU
		{EFDE0798-ACDB-431D-B7F1-548A7231C853}.Release|Any CPU.Build.0 = Release|Any CPU
		{EFDE0798-ACDB-431D-B7F1-548A7231C853}.ReleaseWithoutVsix|Any CPU.ActiveCfg = Release|Any CPU
		{EFDE0798-ACDB-431D-B7F1-548A7231C853}.ReleaseWithoutVsix|Any CPU.Build.0 = Release|Any CPU
		{3525D819-6AEC-4879-89FB-56B41F026571}.Debug|Any CPU.ActiveCfg = Debug|Any CPU
		{3525D819-6AEC-4879-89FB-56B41F026571}.Debug|Any CPU.Build.0 = Debug|Any CPU
		{3525D819-6AEC-4879-89FB-56B41F026571}.DebugWithoutVsix|Any CPU.ActiveCfg = Debug|Any CPU
		{3525D819-6AEC-4879-89FB-56B41F026571}.DebugWithoutVsix|Any CPU.Build.0 = Debug|Any CPU
		{3525D819-6AEC-4879-89FB-56B41F026571}.Release|Any CPU.ActiveCfg = Release|Any CPU
		{3525D819-6AEC-4879-89FB-56B41F026571}.Release|Any CPU.Build.0 = Release|Any CPU
		{3525D819-6AEC-4879-89FB-56B41F026571}.ReleaseWithoutVsix|Any CPU.ActiveCfg = Release|Any CPU
		{3525D819-6AEC-4879-89FB-56B41F026571}.ReleaseWithoutVsix|Any CPU.Build.0 = Release|Any CPU
		{94509FCB-6C97-4ED6-AED6-6E74AB3CA336}.Debug|Any CPU.ActiveCfg = Debug|Any CPU
		{94509FCB-6C97-4ED6-AED6-6E74AB3CA336}.Debug|Any CPU.Build.0 = Debug|Any CPU
		{94509FCB-6C97-4ED6-AED6-6E74AB3CA336}.DebugWithoutVsix|Any CPU.ActiveCfg = Debug|Any CPU
		{94509FCB-6C97-4ED6-AED6-6E74AB3CA336}.DebugWithoutVsix|Any CPU.Build.0 = Debug|Any CPU
		{94509FCB-6C97-4ED6-AED6-6E74AB3CA336}.Release|Any CPU.ActiveCfg = Release|Any CPU
		{94509FCB-6C97-4ED6-AED6-6E74AB3CA336}.Release|Any CPU.Build.0 = Release|Any CPU
		{94509FCB-6C97-4ED6-AED6-6E74AB3CA336}.ReleaseWithoutVsix|Any CPU.ActiveCfg = Release|Any CPU
		{94509FCB-6C97-4ED6-AED6-6E74AB3CA336}.ReleaseWithoutVsix|Any CPU.Build.0 = Release|Any CPU
		{C59868FC-D8BC-4D47-B4F3-16908D2641C6}.Debug|Any CPU.ActiveCfg = Debug|Any CPU
		{C59868FC-D8BC-4D47-B4F3-16908D2641C6}.Debug|Any CPU.Build.0 = Debug|Any CPU
		{C59868FC-D8BC-4D47-B4F3-16908D2641C6}.DebugWithoutVsix|Any CPU.ActiveCfg = Debug|Any CPU
		{C59868FC-D8BC-4D47-B4F3-16908D2641C6}.DebugWithoutVsix|Any CPU.Build.0 = Debug|Any CPU
		{C59868FC-D8BC-4D47-B4F3-16908D2641C6}.Release|Any CPU.ActiveCfg = Release|Any CPU
		{C59868FC-D8BC-4D47-B4F3-16908D2641C6}.Release|Any CPU.Build.0 = Release|Any CPU
		{C59868FC-D8BC-4D47-B4F3-16908D2641C6}.ReleaseWithoutVsix|Any CPU.ActiveCfg = Release|Any CPU
		{C59868FC-D8BC-4D47-B4F3-16908D2641C6}.ReleaseWithoutVsix|Any CPU.Build.0 = Release|Any CPU
		{DE704BBB-6EC6-4173-B695-D9EBF5AEB092}.Debug|Any CPU.ActiveCfg = Debug|Any CPU
		{DE704BBB-6EC6-4173-B695-D9EBF5AEB092}.Debug|Any CPU.Build.0 = Debug|Any CPU
		{DE704BBB-6EC6-4173-B695-D9EBF5AEB092}.DebugWithoutVsix|Any CPU.ActiveCfg = Debug|Any CPU
		{DE704BBB-6EC6-4173-B695-D9EBF5AEB092}.DebugWithoutVsix|Any CPU.Build.0 = Debug|Any CPU
		{DE704BBB-6EC6-4173-B695-D9EBF5AEB092}.Release|Any CPU.ActiveCfg = Release|Any CPU
		{DE704BBB-6EC6-4173-B695-D9EBF5AEB092}.Release|Any CPU.Build.0 = Release|Any CPU
		{DE704BBB-6EC6-4173-B695-D9EBF5AEB092}.ReleaseWithoutVsix|Any CPU.ActiveCfg = Release|Any CPU
		{DE704BBB-6EC6-4173-B695-D9EBF5AEB092}.ReleaseWithoutVsix|Any CPU.Build.0 = Release|Any CPU
		{93778A89-3E58-4853-B772-948EBB3F17BE}.Debug|Any CPU.ActiveCfg = Debug|Any CPU
		{93778A89-3E58-4853-B772-948EBB3F17BE}.Debug|Any CPU.Build.0 = Debug|Any CPU
		{93778A89-3E58-4853-B772-948EBB3F17BE}.DebugWithoutVsix|Any CPU.ActiveCfg = Debug|Any CPU
		{93778A89-3E58-4853-B772-948EBB3F17BE}.DebugWithoutVsix|Any CPU.Build.0 = Debug|Any CPU
		{93778A89-3E58-4853-B772-948EBB3F17BE}.Release|Any CPU.ActiveCfg = Release|Any CPU
		{93778A89-3E58-4853-B772-948EBB3F17BE}.Release|Any CPU.Build.0 = Release|Any CPU
		{93778A89-3E58-4853-B772-948EBB3F17BE}.ReleaseWithoutVsix|Any CPU.ActiveCfg = Release|Any CPU
		{93778A89-3E58-4853-B772-948EBB3F17BE}.ReleaseWithoutVsix|Any CPU.Build.0 = Release|Any CPU
		{8B14F90B-0781-465D-AB94-19C8C56E3A94}.Debug|Any CPU.ActiveCfg = Debug|Any CPU
		{8B14F90B-0781-465D-AB94-19C8C56E3A94}.Debug|Any CPU.Build.0 = Debug|Any CPU
		{8B14F90B-0781-465D-AB94-19C8C56E3A94}.DebugWithoutVsix|Any CPU.ActiveCfg = Debug|Any CPU
		{8B14F90B-0781-465D-AB94-19C8C56E3A94}.DebugWithoutVsix|Any CPU.Build.0 = Debug|Any CPU
		{8B14F90B-0781-465D-AB94-19C8C56E3A94}.Release|Any CPU.ActiveCfg = Release|Any CPU
		{8B14F90B-0781-465D-AB94-19C8C56E3A94}.Release|Any CPU.Build.0 = Release|Any CPU
		{8B14F90B-0781-465D-AB94-19C8C56E3A94}.ReleaseWithoutVsix|Any CPU.ActiveCfg = Release|Any CPU
		{8B14F90B-0781-465D-AB94-19C8C56E3A94}.ReleaseWithoutVsix|Any CPU.Build.0 = Release|Any CPU
		{54E8D71A-AABB-4698-95FE-7F11612B8E59}.Debug|Any CPU.ActiveCfg = Debug|Any CPU
		{54E8D71A-AABB-4698-95FE-7F11612B8E59}.Debug|Any CPU.Build.0 = Debug|Any CPU
		{54E8D71A-AABB-4698-95FE-7F11612B8E59}.DebugWithoutVsix|Any CPU.ActiveCfg = Debug|Any CPU
		{54E8D71A-AABB-4698-95FE-7F11612B8E59}.DebugWithoutVsix|Any CPU.Build.0 = Debug|Any CPU
		{54E8D71A-AABB-4698-95FE-7F11612B8E59}.Release|Any CPU.ActiveCfg = Release|Any CPU
		{54E8D71A-AABB-4698-95FE-7F11612B8E59}.Release|Any CPU.Build.0 = Release|Any CPU
		{54E8D71A-AABB-4698-95FE-7F11612B8E59}.ReleaseWithoutVsix|Any CPU.ActiveCfg = Release|Any CPU
		{54E8D71A-AABB-4698-95FE-7F11612B8E59}.ReleaseWithoutVsix|Any CPU.Build.0 = Release|Any CPU
		{9E17369D-DA49-48C1-9767-C5178A17BFB8}.Debug|Any CPU.ActiveCfg = Debug|Any CPU
		{9E17369D-DA49-48C1-9767-C5178A17BFB8}.Debug|Any CPU.Build.0 = Debug|Any CPU
		{9E17369D-DA49-48C1-9767-C5178A17BFB8}.DebugWithoutVsix|Any CPU.ActiveCfg = Debug|Any CPU
		{9E17369D-DA49-48C1-9767-C5178A17BFB8}.DebugWithoutVsix|Any CPU.Build.0 = Debug|Any CPU
		{9E17369D-DA49-48C1-9767-C5178A17BFB8}.Release|Any CPU.ActiveCfg = Release|Any CPU
		{9E17369D-DA49-48C1-9767-C5178A17BFB8}.Release|Any CPU.Build.0 = Release|Any CPU
		{9E17369D-DA49-48C1-9767-C5178A17BFB8}.ReleaseWithoutVsix|Any CPU.ActiveCfg = Release|Any CPU
		{9E17369D-DA49-48C1-9767-C5178A17BFB8}.ReleaseWithoutVsix|Any CPU.Build.0 = Release|Any CPU
		{A003B735-6F6C-4DF8-A663-78651A1B6CE0}.Debug|Any CPU.ActiveCfg = Debug|Any CPU
		{A003B735-6F6C-4DF8-A663-78651A1B6CE0}.Debug|Any CPU.Build.0 = Debug|Any CPU
		{A003B735-6F6C-4DF8-A663-78651A1B6CE0}.DebugWithoutVsix|Any CPU.ActiveCfg = Debug|Any CPU
		{A003B735-6F6C-4DF8-A663-78651A1B6CE0}.DebugWithoutVsix|Any CPU.Build.0 = Debug|Any CPU
		{A003B735-6F6C-4DF8-A663-78651A1B6CE0}.Release|Any CPU.ActiveCfg = Release|Any CPU
		{A003B735-6F6C-4DF8-A663-78651A1B6CE0}.Release|Any CPU.Build.0 = Release|Any CPU
		{A003B735-6F6C-4DF8-A663-78651A1B6CE0}.ReleaseWithoutVsix|Any CPU.ActiveCfg = Release|Any CPU
		{A003B735-6F6C-4DF8-A663-78651A1B6CE0}.ReleaseWithoutVsix|Any CPU.Build.0 = Release|Any CPU
		{A4F579F3-77D3-450A-AACC-F2653EF11E69}.Debug|Any CPU.ActiveCfg = Debug|Any CPU
		{A4F579F3-77D3-450A-AACC-F2653EF11E69}.Debug|Any CPU.Build.0 = Debug|Any CPU
		{A4F579F3-77D3-450A-AACC-F2653EF11E69}.DebugWithoutVsix|Any CPU.ActiveCfg = Debug|Any CPU
		{A4F579F3-77D3-450A-AACC-F2653EF11E69}.DebugWithoutVsix|Any CPU.Build.0 = Debug|Any CPU
		{A4F579F3-77D3-450A-AACC-F2653EF11E69}.Release|Any CPU.ActiveCfg = Release|Any CPU
		{A4F579F3-77D3-450A-AACC-F2653EF11E69}.Release|Any CPU.Build.0 = Release|Any CPU
		{A4F579F3-77D3-450A-AACC-F2653EF11E69}.ReleaseWithoutVsix|Any CPU.ActiveCfg = Release|Any CPU
		{A4F579F3-77D3-450A-AACC-F2653EF11E69}.ReleaseWithoutVsix|Any CPU.Build.0 = Release|Any CPU
		{AD0306B7-F88E-44A4-AB36-1D04822E9234}.Debug|Any CPU.ActiveCfg = Debug|Any CPU
		{AD0306B7-F88E-44A4-AB36-1D04822E9234}.Debug|Any CPU.Build.0 = Debug|Any CPU
		{AD0306B7-F88E-44A4-AB36-1D04822E9234}.DebugWithoutVsix|Any CPU.ActiveCfg = Debug|Any CPU
		{AD0306B7-F88E-44A4-AB36-1D04822E9234}.DebugWithoutVsix|Any CPU.Build.0 = Debug|Any CPU
		{AD0306B7-F88E-44A4-AB36-1D04822E9234}.Release|Any CPU.ActiveCfg = Release|Any CPU
		{AD0306B7-F88E-44A4-AB36-1D04822E9234}.Release|Any CPU.Build.0 = Release|Any CPU
		{AD0306B7-F88E-44A4-AB36-1D04822E9234}.ReleaseWithoutVsix|Any CPU.ActiveCfg = Release|Any CPU
		{AD0306B7-F88E-44A4-AB36-1D04822E9234}.ReleaseWithoutVsix|Any CPU.Build.0 = Release|Any CPU
		{86C54B27-717F-478C-AC8C-01F1C68A56C5}.Debug|Any CPU.ActiveCfg = Debug|Any CPU
		{86C54B27-717F-478C-AC8C-01F1C68A56C5}.Debug|Any CPU.Build.0 = Debug|Any CPU
		{86C54B27-717F-478C-AC8C-01F1C68A56C5}.DebugWithoutVsix|Any CPU.ActiveCfg = Debug|Any CPU
		{86C54B27-717F-478C-AC8C-01F1C68A56C5}.DebugWithoutVsix|Any CPU.Build.0 = Debug|Any CPU
		{86C54B27-717F-478C-AC8C-01F1C68A56C5}.Release|Any CPU.ActiveCfg = Release|Any CPU
		{86C54B27-717F-478C-AC8C-01F1C68A56C5}.Release|Any CPU.Build.0 = Release|Any CPU
		{86C54B27-717F-478C-AC8C-01F1C68A56C5}.ReleaseWithoutVsix|Any CPU.ActiveCfg = Release|Any CPU
		{86C54B27-717F-478C-AC8C-01F1C68A56C5}.ReleaseWithoutVsix|Any CPU.Build.0 = Release|Any CPU
		{C6E8D1E1-FAAC-4E02-B6A1-6164EC5E704E}.Debug|Any CPU.ActiveCfg = Debug|Any CPU
		{C6E8D1E1-FAAC-4E02-B6A1-6164EC5E704E}.Debug|Any CPU.Build.0 = Debug|Any CPU
		{C6E8D1E1-FAAC-4E02-B6A1-6164EC5E704E}.DebugWithoutVsix|Any CPU.ActiveCfg = Debug|Any CPU
		{C6E8D1E1-FAAC-4E02-B6A1-6164EC5E704E}.DebugWithoutVsix|Any CPU.Build.0 = Debug|Any CPU
		{C6E8D1E1-FAAC-4E02-B6A1-6164EC5E704E}.Release|Any CPU.ActiveCfg = Release|Any CPU
		{C6E8D1E1-FAAC-4E02-B6A1-6164EC5E704E}.Release|Any CPU.Build.0 = Release|Any CPU
		{C6E8D1E1-FAAC-4E02-B6A1-6164EC5E704E}.ReleaseWithoutVsix|Any CPU.ActiveCfg = Release|Any CPU
		{C6E8D1E1-FAAC-4E02-B6A1-6164EC5E704E}.ReleaseWithoutVsix|Any CPU.Build.0 = Release|Any CPU
		{E899B03C-6E8E-4375-AB65-FC925D721D8B}.Debug|Any CPU.ActiveCfg = Debug|Any CPU
		{E899B03C-6E8E-4375-AB65-FC925D721D8B}.Debug|Any CPU.Build.0 = Debug|Any CPU
		{E899B03C-6E8E-4375-AB65-FC925D721D8B}.DebugWithoutVsix|Any CPU.ActiveCfg = Debug|Any CPU
		{E899B03C-6E8E-4375-AB65-FC925D721D8B}.DebugWithoutVsix|Any CPU.Build.0 = Debug|Any CPU
		{E899B03C-6E8E-4375-AB65-FC925D721D8B}.Release|Any CPU.ActiveCfg = Release|Any CPU
		{E899B03C-6E8E-4375-AB65-FC925D721D8B}.Release|Any CPU.Build.0 = Release|Any CPU
		{E899B03C-6E8E-4375-AB65-FC925D721D8B}.ReleaseWithoutVsix|Any CPU.ActiveCfg = Release|Any CPU
		{E899B03C-6E8E-4375-AB65-FC925D721D8B}.ReleaseWithoutVsix|Any CPU.Build.0 = Release|Any CPU
		{79F32BE1-2764-4DBA-97F6-21053DE44270}.Debug|Any CPU.ActiveCfg = Debug|Any CPU
		{79F32BE1-2764-4DBA-97F6-21053DE44270}.Debug|Any CPU.Build.0 = Debug|Any CPU
		{79F32BE1-2764-4DBA-97F6-21053DE44270}.DebugWithoutVsix|Any CPU.ActiveCfg = Debug|Any CPU
		{79F32BE1-2764-4DBA-97F6-21053DE44270}.DebugWithoutVsix|Any CPU.Build.0 = Debug|Any CPU
		{79F32BE1-2764-4DBA-97F6-21053DE44270}.Release|Any CPU.ActiveCfg = Release|Any CPU
		{79F32BE1-2764-4DBA-97F6-21053DE44270}.Release|Any CPU.Build.0 = Release|Any CPU
		{79F32BE1-2764-4DBA-97F6-21053DE44270}.ReleaseWithoutVsix|Any CPU.ActiveCfg = Release|Any CPU
		{79F32BE1-2764-4DBA-97F6-21053DE44270}.ReleaseWithoutVsix|Any CPU.Build.0 = Release|Any CPU
		{F08BD4BC-B5DF-4193-9B01-6D0BBE101BD7}.Debug|Any CPU.ActiveCfg = Debug|Any CPU
		{F08BD4BC-B5DF-4193-9B01-6D0BBE101BD7}.Debug|Any CPU.Build.0 = Debug|Any CPU
		{F08BD4BC-B5DF-4193-9B01-6D0BBE101BD7}.DebugWithoutVsix|Any CPU.ActiveCfg = DebugCodeAnalysis|Any CPU
		{F08BD4BC-B5DF-4193-9B01-6D0BBE101BD7}.DebugWithoutVsix|Any CPU.Build.0 = DebugCodeAnalysis|Any CPU
		{F08BD4BC-B5DF-4193-9B01-6D0BBE101BD7}.Release|Any CPU.ActiveCfg = Release|Any CPU
		{F08BD4BC-B5DF-4193-9B01-6D0BBE101BD7}.Release|Any CPU.Build.0 = Release|Any CPU
		{F08BD4BC-B5DF-4193-9B01-6D0BBE101BD7}.ReleaseWithoutVsix|Any CPU.ActiveCfg = Release|Any CPU
		{F08BD4BC-B5DF-4193-9B01-6D0BBE101BD7}.ReleaseWithoutVsix|Any CPU.Build.0 = Release|Any CPU
		{65542DEE-D3BE-4810-B85A-08E970413A21}.Debug|Any CPU.ActiveCfg = Debug|Any CPU
		{65542DEE-D3BE-4810-B85A-08E970413A21}.Debug|Any CPU.Build.0 = Debug|Any CPU
		{65542DEE-D3BE-4810-B85A-08E970413A21}.DebugCodeAnalysis|Any CPU.ActiveCfg = Debug|Any CPU
		{65542DEE-D3BE-4810-B85A-08E970413A21}.DebugCodeAnalysis|Any CPU.Build.0 = Debug|Any CPU
		{65542DEE-D3BE-4810-B85A-08E970413A21}.DebugWithoutVsix|Any CPU.ActiveCfg = Debug|Any CPU
		{65542DEE-D3BE-4810-B85A-08E970413A21}.DebugWithoutVsix|Any CPU.Build.0 = Debug|Any CPU
		{65542DEE-D3BE-4810-B85A-08E970413A21}.Release|Any CPU.ActiveCfg = Release|Any CPU
		{65542DEE-D3BE-4810-B85A-08E970413A21}.Release|Any CPU.Build.0 = Release|Any CPU
		{65542DEE-D3BE-4810-B85A-08E970413A21}.ReleaseWithoutVsix|Any CPU.ActiveCfg = Release|Any CPU
		{65542DEE-D3BE-4810-B85A-08E970413A21}.ReleaseWithoutVsix|Any CPU.Build.0 = Release|Any CPU
	EndGlobalSection
	GlobalSection(SolutionProperties) = preSolution
		HideSolutionNode = FALSE
	EndGlobalSection
	GlobalSection(NestedProjects) = preSolution
		{8E1F1B4E-AEA2-4AB1-8F73-423A903550A1} = {7B6C5F8D-14B3-443D-B044-0E209AE12BDF}
		{1E7F7253-A6AF-43C4-A955-37BEDDA01AC0} = {1E7F7253-A6AF-43C4-A955-37BEDDA01AB8}
		{08DD4305-7787-4823-A53F-4D0F725A07F3} = {1E7F7253-A6AF-43C4-A955-37BEDDA01AC0}
		{674B69B8-0780-4D54-AE2B-C15821FA51CB} = {1E7F7253-A6AF-43C4-A955-37BEDDA01AC0}
		{1E7F7253-A6AF-43C4-A955-37BEDDA01AB9} = {1E7F7253-A6AF-43C4-A955-37BEDDA01AB8}
		{1E7F7253-A6AF-43C4-A955-37BEDDA01AC9} = {1E7F7253-A6AF-43C4-A955-37BEDDA01AB8}
		{1E7F7253-A6AF-43C4-A955-37BEDDA01AF9} = {1E7F7253-A6AF-43C4-A955-37BEDDA01AB8}
		{110B206F-8554-4B51-BF86-94DAA32F5E26} = {8A7DA2E7-262B-4581-807A-1C45CE79CDFD}
		{17EB676B-BB91-48B5-AA59-C67695C647C2} = {8A7DA2E7-262B-4581-807A-1C45CE79CDFD}
		{C2D88962-BD6B-4F11-B914-535B38377962} = {8A7DA2E7-262B-4581-807A-1C45CE79CDFD}
		{14FDEE91-7301-4247-846C-049647BF8E99} = {C2D88962-BD6B-4F11-B914-535B38377962}
		{09313E65-7ADB-48C1-AD3A-572020C5BDCB} = {C2D88962-BD6B-4F11-B914-535B38377962}
		{EFDE0798-ACDB-431D-B7F1-548A7231C853} = {8A7DA2E7-262B-4581-807A-1C45CE79CDFD}
		{3525D819-6AEC-4879-89FB-56B41F026571} = {8A7DA2E7-262B-4581-807A-1C45CE79CDFD}
		{94509FCB-6C97-4ED6-AED6-6E74AB3CA336} = {8A7DA2E7-262B-4581-807A-1C45CE79CDFD}
		{C59868FC-D8BC-4D47-B4F3-16908D2641C6} = {8A7DA2E7-262B-4581-807A-1C45CE79CDFD}
		{DE704BBB-6EC6-4173-B695-D9EBF5AEB092} = {8A7DA2E7-262B-4581-807A-1C45CE79CDFD}
		{93778A89-3E58-4853-B772-948EBB3F17BE} = {8A7DA2E7-262B-4581-807A-1C45CE79CDFD}
		{8B14F90B-0781-465D-AB94-19C8C56E3A94} = {8A7DA2E7-262B-4581-807A-1C45CE79CDFD}
		{9E17369D-DA49-48C1-9767-C5178A17BFB8} = {1E7F7253-A6AF-43C4-A955-37BEDDA01AC9}
		{A003B735-6F6C-4DF8-A663-78651A1B6CE0} = {1E7F7253-A6AF-43C4-A955-37BEDDA01AC9}
		{A4F579F3-77D3-450A-AACC-F2653EF11E69} = {1E7F7253-A6AF-43C4-A955-37BEDDA01AB9}
		{AD0306B7-F88E-44A4-AB36-1D04822E9234} = {1E7F7253-A6AF-43C4-A955-37BEDDA01AF9}
		{86C54B27-717F-478C-AC8C-01F1C68A56C5} = {1E7F7253-A6AF-43C4-A955-37BEDDA01AB9}
		{C6E8D1E1-FAAC-4E02-B6A1-6164EC5E704E} = {1E7F7253-A6AF-43C4-A955-37BEDDA01AB9}
		{E899B03C-6E8E-4375-AB65-FC925D721D8B} = {1E7F7253-A6AF-43C4-A955-37BEDDA01AB9}
		{65542DEE-D3BE-4810-B85A-08E970413A21} = {8A7DA2E7-262B-4581-807A-1C45CE79CDFD}
	EndGlobalSection
	GlobalSection(ExtensibilityGlobals) = postSolution
		SolutionGuid = {556014CF-5B35-4CE5-B3EF-6AB0007001AC}
	EndGlobalSection
EndGlobal
