
Microsoft Visual Studio Solution File, Format Version 12.00
# Visual Studio 14
VisualStudioVersion = 14.0.25420.1
MinimumVisualStudioVersion = 10.0.40219.1
Project("{FAE04EC0-301F-11D3-BF4B-00C04F79EFBC}") = "MetricsServer", "MetricsServer\MetricsServer.csproj", "{14FDEE91-7301-4247-846C-049647BF8E99}"
EndProject
Project("{FAE04EC0-301F-11D3-BF4B-00C04F79EFBC}") = "MetricsServerApp", "MetricsServerApp\MetricsServerApp.csproj", "{A0E20ED2-0C69-469F-BC77-37112000F71D}"
EndProject
Project("{FAE04EC0-301F-11D3-BF4B-00C04F79EFBC}") = "Octokit", "..\..\submodules\octokit.net\Octokit\Octokit.csproj", "{08DD4305-7787-4823-A53F-4D0F725A07F3}"
EndProject
Global
	GlobalSection(SolutionConfigurationPlatforms) = preSolution
		Debug|Any CPU = Debug|Any CPU
		Release|Any CPU = Release|Any CPU
	EndGlobalSection
	GlobalSection(ProjectConfigurationPlatforms) = postSolution
		{14FDEE91-7301-4247-846C-049647BF8E99}.Debug|Any CPU.ActiveCfg = Debug|Any CPU
		{14FDEE91-7301-4247-846C-049647BF8E99}.Debug|Any CPU.Build.0 = Debug|Any CPU
		{14FDEE91-7301-4247-846C-049647BF8E99}.Release|Any CPU.ActiveCfg = Release|Any CPU
		{14FDEE91-7301-4247-846C-049647BF8E99}.Release|Any CPU.Build.0 = Release|Any CPU
		{A0E20ED2-0C69-469F-BC77-37112000F71D}.Debug|Any CPU.ActiveCfg = Debug|Any CPU
		{A0E20ED2-0C69-469F-BC77-37112000F71D}.Debug|Any CPU.Build.0 = Debug|Any CPU
		{A0E20ED2-0C69-469F-BC77-37112000F71D}.Release|Any CPU.ActiveCfg = Release|Any CPU
		{A0E20ED2-0C69-469F-BC77-37112000F71D}.Release|Any CPU.Build.0 = Release|Any CPU
		{08DD4305-7787-4823-A53F-4D0F725A07F3}.Debug|Any CPU.ActiveCfg = Debug|Any CPU
		{08DD4305-7787-4823-A53F-4D0F725A07F3}.Debug|Any CPU.Build.0 = Debug|Any CPU
		{08DD4305-7787-4823-A53F-4D0F725A07F3}.Release|Any CPU.ActiveCfg = Release|Any CPU
		{08DD4305-7787-4823-A53F-4D0F725A07F3}.Release|Any CPU.Build.0 = Release|Any CPU
	EndGlobalSection
	GlobalSection(SolutionProperties) = preSolution
		HideSolutionNode = FALSE
	EndGlobalSection
EndGlobal
